
Microsoft Visual Studio Solution File, Format Version 12.00
# Visual Studio 14
VisualStudioVersion = 14.0.24720.0
MinimumVisualStudioVersion = 10.0.40219.1
Project("{FAE04EC0-301F-11D3-BF4B-00C04F79EFBC}") = "WinformCustomer", "WinformCustomer\WinformCustomer.csproj", "{40115A40-96E4-4542-B322-2C8413671F7B}"
EndProject
Project("{FAE04EC0-301F-11D3-BF4B-00C04F79EFBC}") = "MiddleLayer", "MiddleLayer\MiddleLayer.csproj", "{CB1BB5BD-87D0-412F-8F33-BA7C321710C7}"
EndProject
Project("{FAE04EC0-301F-11D3-BF4B-00C04F79EFBC}") = "FactoryCustomer", "FactoryCustomer\FactoryCustomer.csproj", "{6F98A9D6-1EFF-4E33-B8FB-038CFD41CCBE}"
EndProject
Project("{FAE04EC0-301F-11D3-BF4B-00C04F79EFBC}") = "InterfaceCustomer", "InterfaceCustomer\InterfaceCustomer.csproj", "{99A2D2AE-3731-4BFB-9FBE-9A067F851BC0}"
EndProject
Project("{FAE04EC0-301F-11D3-BF4B-00C04F79EFBC}") = "ValidationAlgorithms", "ValidationAlgorithms\ValidationAlgorithms.csproj", "{F6308A4F-DF55-4BEF-BF12-3E445839EEE2}"
EndProject
Project("{FAE04EC0-301F-11D3-BF4B-00C04F79EFBC}") = "InterfaceDal", "InterfaceDal\InterfaceDal.csproj", "{5E479C7C-3999-401F-A6CD-E2C8AA4E2FDA}"
EndProject
Project("{FAE04EC0-301F-11D3-BF4B-00C04F79EFBC}") = "CommonDal", "CommonDal\CommonDal.csproj", "{A25509DB-6B12-4127-A7D6-AAB955E5C466}"
EndProject
Project("{FAE04EC0-301F-11D3-BF4B-00C04F79EFBC}") = "AdoDotNetDAL", "AdoDotNetDAL\AdoDotNetDAL.csproj", "{CC8D1CB5-0F58-44E5-A82F-3DBC581F0EC3}"
EndProject
Global
	GlobalSection(SolutionConfigurationPlatforms) = preSolution
		Debug|Any CPU = Debug|Any CPU
		Release|Any CPU = Release|Any CPU
	EndGlobalSection
	GlobalSection(ProjectConfigurationPlatforms) = postSolution
		{40115A40-96E4-4542-B322-2C8413671F7B}.Debug|Any CPU.ActiveCfg = Debug|Any CPU
		{40115A40-96E4-4542-B322-2C8413671F7B}.Debug|Any CPU.Build.0 = Debug|Any CPU
		{40115A40-96E4-4542-B322-2C8413671F7B}.Release|Any CPU.ActiveCfg = Release|Any CPU
		{40115A40-96E4-4542-B322-2C8413671F7B}.Release|Any CPU.Build.0 = Release|Any CPU
		{CB1BB5BD-87D0-412F-8F33-BA7C321710C7}.Debug|Any CPU.ActiveCfg = Debug|Any CPU
		{CB1BB5BD-87D0-412F-8F33-BA7C321710C7}.Debug|Any CPU.Build.0 = Debug|Any CPU
		{CB1BB5BD-87D0-412F-8F33-BA7C321710C7}.Release|Any CPU.ActiveCfg = Release|Any CPU
		{CB1BB5BD-87D0-412F-8F33-BA7C321710C7}.Release|Any CPU.Build.0 = Release|Any CPU
		{6F98A9D6-1EFF-4E33-B8FB-038CFD41CCBE}.Debug|Any CPU.ActiveCfg = Debug|Any CPU
		{6F98A9D6-1EFF-4E33-B8FB-038CFD41CCBE}.Debug|Any CPU.Build.0 = Debug|Any CPU
		{6F98A9D6-1EFF-4E33-B8FB-038CFD41CCBE}.Release|Any CPU.ActiveCfg = Release|Any CPU
		{6F98A9D6-1EFF-4E33-B8FB-038CFD41CCBE}.Release|Any CPU.Build.0 = Release|Any CPU
		{99A2D2AE-3731-4BFB-9FBE-9A067F851BC0}.Debug|Any CPU.ActiveCfg = Debug|Any CPU
		{99A2D2AE-3731-4BFB-9FBE-9A067F851BC0}.Debug|Any CPU.Build.0 = Debug|Any CPU
		{99A2D2AE-3731-4BFB-9FBE-9A067F851BC0}.Release|Any CPU.ActiveCfg = Release|Any CPU
		{99A2D2AE-3731-4BFB-9FBE-9A067F851BC0}.Release|Any CPU.Build.0 = Release|Any CPU
		{F6308A4F-DF55-4BEF-BF12-3E445839EEE2}.Debug|Any CPU.ActiveCfg = Debug|Any CPU
		{F6308A4F-DF55-4BEF-BF12-3E445839EEE2}.Debug|Any CPU.Build.0 = Debug|Any CPU
		{F6308A4F-DF55-4BEF-BF12-3E445839EEE2}.Release|Any CPU.ActiveCfg = Release|Any CPU
		{F6308A4F-DF55-4BEF-BF12-3E445839EEE2}.Release|Any CPU.Build.0 = Release|Any CPU
		{5E479C7C-3999-401F-A6CD-E2C8AA4E2FDA}.Debug|Any CPU.ActiveCfg = Debug|Any CPU
		{5E479C7C-3999-401F-A6CD-E2C8AA4E2FDA}.Debug|Any CPU.Build.0 = Debug|Any CPU
		{5E479C7C-3999-401F-A6CD-E2C8AA4E2FDA}.Release|Any CPU.ActiveCfg = Release|Any CPU
		{5E479C7C-3999-401F-A6CD-E2C8AA4E2FDA}.Release|Any CPU.Build.0 = Release|Any CPU
		{A25509DB-6B12-4127-A7D6-AAB955E5C466}.Debug|Any CPU.ActiveCfg = Debug|Any CPU
		{A25509DB-6B12-4127-A7D6-AAB955E5C466}.Debug|Any CPU.Build.0 = Debug|Any CPU
		{A25509DB-6B12-4127-A7D6-AAB955E5C466}.Release|Any CPU.ActiveCfg = Release|Any CPU
		{A25509DB-6B12-4127-A7D6-AAB955E5C466}.Release|Any CPU.Build.0 = Release|Any CPU
		{CC8D1CB5-0F58-44E5-A82F-3DBC581F0EC3}.Debug|Any CPU.ActiveCfg = Debug|Any CPU
		{CC8D1CB5-0F58-44E5-A82F-3DBC581F0EC3}.Debug|Any CPU.Build.0 = Debug|Any CPU
		{CC8D1CB5-0F58-44E5-A82F-3DBC581F0EC3}.Release|Any CPU.ActiveCfg = Release|Any CPU
		{CC8D1CB5-0F58-44E5-A82F-3DBC581F0EC3}.Release|Any CPU.Build.0 = Release|Any CPU
	EndGlobalSection
	GlobalSection(SolutionProperties) = preSolution
		HideSolutionNode = FALSE
	EndGlobalSection
EndGlobal
